<?xml version="1.0" encoding="utf-8"?>
<Project ToolsVersion="4.0" xmlns="http://schemas.microsoft.com/developer/msbuild/2003">
  <ItemGroup>
    <Filter Include="Source Files">
      <UniqueIdentifier>{4FC737F1-C7A5-4376-A066-2A32D752A2FF}</UniqueIdentifier>
      <Extensions>cpp;c;cc;cxx;def;odl;idl;hpj;bat;asm;asmx</Extensions>
    </Filter>
    <Filter Include="Header Files">
      <UniqueIdentifier>{93995380-89BD-4b04-88EB-625FBE52EBFB}</UniqueIdentifier>
      <Extensions>h;hh;hpp;hxx;hm;inl;inc;xsd</Extensions>
    </Filter>
    <Filter Include="Resource Files">
      <UniqueIdentifier>{67DA6AB6-F800-4c08-8B7A-83BB121AAD01}</UniqueIdentifier>
      <Extensions>rc;ico;cur;bmp;dlg;rc2;rct;bin;rgs;gif;jpg;jpeg;jpe;resx;tiff;tif;png;wav;mfcribbon-ms</Extensions>
    </Filter>
    <Filter Include="Core">
      <UniqueIdentifier>{daef1f19-9a30-4bd6-a6e3-053fcb36ab70}</UniqueIdentifier>
    </Filter>
    <Filter Include="Shaders">
      <UniqueIdentifier>{00f720ec-68e4-4d51-b60d-0ec1da05716c}</UniqueIdentifier>
    </Filter>
    <Filter Include="Math">
      <UniqueIdentifier>{0a0ac9cf-a7fc-4d59-b897-f1b7d73a1107}</UniqueIdentifier>
    </Filter>
    <Filter Include="Managers">
      <UniqueIdentifier>{12894be7-b772-4f78-a6c4-b9092ce3ebb2}</UniqueIdentifier>
    </Filter>
    <Filter Include="Core\Initialisation">
      <UniqueIdentifier>{a62d4158-a460-40ab-9224-ad41f0a22d44}</UniqueIdentifier>
    </Filter>
    <Filter Include="Rendering">
      <UniqueIdentifier>{1fde6970-8823-4021-b46a-d0cc460bdc02}</UniqueIdentifier>
    </Filter>
    <Filter Include="Rendering\Primitives">
      <UniqueIdentifier>{46e83acf-0601-49dd-9a50-b157ba905799}</UniqueIdentifier>
    </Filter>
  </ItemGroup>
  <ItemGroup>
    <ClCompile Include="main.cpp">
      <Filter>Source Files</Filter>
    </ClCompile>
    <ClCompile Include="Math\vec3.cpp">
      <Filter>Math</Filter>
    </ClCompile>
    <ClCompile Include="Core\Initialise\InitialiseGLEW.cpp">
      <Filter>Core\Initialisation</Filter>
    </ClCompile>
    <ClCompile Include="Core\Initialise\InitialiseGLUT.cpp">
      <Filter>Core\Initialisation</Filter>
    </ClCompile>
    <ClCompile Include="Managers\SceneManager.cpp">
      <Filter>Managers</Filter>
    </ClCompile>
    <ClCompile Include="Managers\ShaderManager.cpp">
      <Filter>Managers</Filter>
    </ClCompile>
    <ClCompile Include="Rendering\Primitives\Triangle.cpp">
      <Filter>Rendering\Primitives</Filter>
    </ClCompile>
    <ClCompile Include="Rendering\Mesh.cpp">
      <Filter>Rendering</Filter>
    </ClCompile>
    <ClCompile Include="Rendering\Primitives\Quad.cpp">
      <Filter>Rendering\Primitives</Filter>
    </ClCompile>
    <ClCompile Include="Managers\MeshManager.cpp">
      <Filter>Managers</Filter>
    </ClCompile>
    <ClCompile Include="Math\mat4.cpp">
      <Filter>Math</Filter>
    </ClCompile>
    <ClCompile Include="Math\vec2.cpp">
      <Filter>Math</Filter>
    </ClCompile>
    <ClCompile Include="Math\vec4.cpp">
      <Filter>Math</Filter>
    </ClCompile>
  </ItemGroup>
  <ItemGroup>
    <ClInclude Include="Math\vec3.h">
      <Filter>Math</Filter>
    </ClInclude>
    <ClInclude Include="Core\Initialise\InitialiseGLEW.h">
      <Filter>Core\Initialisation</Filter>
    </ClInclude>
    <ClInclude Include="Core\ContextInfo.h">
      <Filter>Core\Initialisation</Filter>
    </ClInclude>
    <ClInclude Include="Core\FramebufferInfo.h">
      <Filter>Core\Initialisation</Filter>
    </ClInclude>
    <ClInclude Include="Core\WindowInfo.h">
      <Filter>Core\Initialisation</Filter>
    </ClInclude>
    <ClInclude Include="Managers\SceneManager.h">
      <Filter>Managers</Filter>
    </ClInclude>
    <ClInclude Include="Managers\ShaderManager.h">
      <Filter>Managers</Filter>
    </ClInclude>
    <ClInclude Include="Core\Initialise\InitialiseGLUT.h">
      <Filter>Core\Initialisation</Filter>
    </ClInclude>
    <ClInclude Include="Rendering\VertexFormat.h">
      <Filter>Rendering</Filter>
    </ClInclude>
    <ClInclude Include="Rendering\IRenderObject.h">
      <Filter>Rendering</Filter>
    </ClInclude>
    <ClInclude Include="Rendering\Primitives\Triangle.h">
      <Filter>Rendering\Primitives</Filter>
    </ClInclude>
    <ClInclude Include="Rendering\Mesh.h">
      <Filter>Rendering</Filter>
    </ClInclude>
    <ClInclude Include="Core\IListener.h">
      <Filter>Core</Filter>
    </ClInclude>
    <ClInclude Include="Rendering\Primitives\Quad.h">
      <Filter>Rendering\Primitives</Filter>
    </ClInclude>
    <ClInclude Include="Managers\MeshManager.h">
      <Filter>Managers</Filter>
    </ClInclude>
    <ClInclude Include="Math\mat4.h">
      <Filter>Math</Filter>
    </ClInclude>
    <ClInclude Include="Math\vec2.h">
      <Filter>Math</Filter>
    </ClInclude>
    <ClInclude Include="Math\vec4.h">
      <Filter>Math</Filter>
    </ClInclude>
    <ClInclude Include="Math\Utils.h">
      <Filter>Math</Filter>
    </ClInclude>
  </ItemGroup>
  <ItemGroup>
    <None Include="Shaders\basicColor.frag">
      <Filter>Shaders</Filter>
    </None>
    <None Include="Shaders\basicPositionColor.vert">
      <Filter>Shaders</Filter>
    </None>
  </ItemGroup>
</Project>