<?xml version="1.0" encoding="utf-8"?>
<Project ToolsVersion="4.0" xmlns="http://schemas.microsoft.com/developer/msbuild/2003">
  <ItemGroup>
    <Filter Include="Source Files">
      <UniqueIdentifier>{4FC737F1-C7A5-4376-A066-2A32D752A2FF}</UniqueIdentifier>
      <Extensions>cpp;c;cc;cxx;def;odl;idl;hpj;bat;asm;asmx</Extensions>
    </Filter>
    <Filter Include="Header Files">
      <UniqueIdentifier>{93995380-89BD-4b04-88EB-625FBE52EBFB}</UniqueIdentifier>
      <Extensions>h;hh;hpp;hxx;hm;inl;inc;xsd</Extensions>
    </Filter>
    <Filter Include="Resource Files">
      <UniqueIdentifier>{67DA6AB6-F800-4c08-8B7A-83BB121AAD01}</UniqueIdentifier>
      <Extensions>rc;ico;cur;bmp;dlg;rc2;rct;bin;rgs;gif;jpg;jpeg;jpe;resx;tiff;tif;png;wav;mfcribbon-ms</Extensions>
    </Filter>
    <Filter Include="Core">
      <UniqueIdentifier>{daef1f19-9a30-4bd6-a6e3-053fcb36ab70}</UniqueIdentifier>
    </Filter>
    <Filter Include="Shaders">
      <UniqueIdentifier>{00f720ec-68e4-4d51-b60d-0ec1da05716c}</UniqueIdentifier>
    </Filter>
    <Filter Include="Math">
      <UniqueIdentifier>{0a0ac9cf-a7fc-4d59-b897-f1b7d73a1107}</UniqueIdentifier>
    </Filter>
    <Filter Include="Core\Initialisation">
      <UniqueIdentifier>{a62d4158-a460-40ab-9224-ad41f0a22d44}</UniqueIdentifier>
    </Filter>
    <Filter Include="Core\Components">
      <UniqueIdentifier>{5f4f21e7-c096-493e-8619-8d6e376f1e2d}</UniqueIdentifier>
    </Filter>
    <Filter Include="Core\Components\Interfaces">
      <UniqueIdentifier>{ed6488b2-90c0-4187-b18e-3e16691bc212}</UniqueIdentifier>
    </Filter>
    <Filter Include="Scenes">
      <UniqueIdentifier>{cb78afed-ba2b-4b16-ad6f-0c622855e628}</UniqueIdentifier>
    </Filter>
    <Filter Include="Core\ShaderEffects">
      <UniqueIdentifier>{9b4ae110-5a95-4de4-b390-405b5ce0c1e0}</UniqueIdentifier>
    </Filter>
    <Filter Include="Core\Networking">
      <UniqueIdentifier>{fe47ac95-65f6-49c1-9463-e61d729ee092}</UniqueIdentifier>
    </Filter>
    <Filter Include="Core\Managers">
      <UniqueIdentifier>{12894be7-b772-4f78-a6c4-b9092ce3ebb2}</UniqueIdentifier>
    </Filter>
    <Filter Include="Scenes\MultiplayerArena">
      <UniqueIdentifier>{5047ce93-c0f6-4243-ba5f-330d01373c3d}</UniqueIdentifier>
    </Filter>
    <Filter Include="Physics">
      <UniqueIdentifier>{f1854671-4015-45ff-bd8e-e69063bd5429}</UniqueIdentifier>
    </Filter>
    <Filter Include="Physics\ParticleSystem">
      <UniqueIdentifier>{a8e51832-10f0-4947-8235-50728e6d88aa}</UniqueIdentifier>
    </Filter>
    <Filter Include="Physics\Cloth">
      <UniqueIdentifier>{d711b159-c07f-407f-b730-e3d529f8ccc0}</UniqueIdentifier>
    </Filter>
  </ItemGroup>
  <ItemGroup>
    <ClCompile Include="main.cpp">
      <Filter>Source Files</Filter>
    </ClCompile>
    <ClCompile Include="Managers\SceneManager.cpp">
      <Filter>Core\Managers</Filter>
    </ClCompile>
    <ClCompile Include="Managers\ShaderManager.cpp">
      <Filter>Core\Managers</Filter>
    </ClCompile>
    <ClCompile Include="Core\Initialisation\InitialiseGLEW.cpp">
      <Filter>Core\Initialisation</Filter>
    </ClCompile>
    <ClCompile Include="Core\Initialisation\InitialiseGLUT.cpp">
      <Filter>Core\Initialisation</Filter>
    </ClCompile>
  </ItemGroup>
  <ItemGroup>
    <ClInclude Include="Managers\SceneManager.h">
      <Filter>Core\Managers</Filter>
    </ClInclude>
    <ClInclude Include="Managers\ShaderManager.h">
      <Filter>Core\Managers</Filter>
    </ClInclude>
    <ClInclude Include="Core\IListener.h">
      <Filter>Core</Filter>
    </ClInclude>
    <ClInclude Include="Core\GameObject.h">
      <Filter>Core</Filter>
    </ClInclude>
    <ClInclude Include="Core\Components\Interfaces\IRenderableComponent.h">
      <Filter>Core\Components\Interfaces</Filter>
    </ClInclude>
    <ClInclude Include="Core\Timer.h">
      <Filter>Core</Filter>
    </ClInclude>
    <ClInclude Include="Core\Components\MeshComponent.h">
      <Filter>Core\Components</Filter>
    </ClInclude>
    <ClInclude Include="Scenes\TestScene.h">
      <Filter>Scenes</Filter>
    </ClInclude>
    <ClInclude Include="Core\IGameobject.h">
      <Filter>Core</Filter>
    </ClInclude>
    <ClInclude Include="Core\Camera.h">
      <Filter>Core</Filter>
    </ClInclude>
    <ClInclude Include="Core\Initialisation\InitialiseGLEW.h">
      <Filter>Core\Initialisation</Filter>
    </ClInclude>
    <ClInclude Include="Core\Initialisation\InitialiseGLUT.h">
      <Filter>Core\Initialisation</Filter>
    </ClInclude>
    <ClInclude Include="Core\MeshNode.h">
      <Filter>Core</Filter>
    </ClInclude>
    <ClInclude Include="Core\CameraFPS.h">
      <Filter>Core</Filter>
    </ClInclude>
    <ClInclude Include="Core\Mesh.h">
      <Filter>Core</Filter>
    </ClInclude>
    <ClInclude Include="Core\Initialisation\ContextInfo.h">
      <Filter>Core\Initialisation</Filter>
    </ClInclude>
    <ClInclude Include="Core\Initialisation\FramebufferInfo.h">
      <Filter>Core\Initialisation</Filter>
    </ClInclude>
    <ClInclude Include="Core\Initialisation\WindowInfo.h">
      <Filter>Core\Initialisation</Filter>
    </ClInclude>
    <ClInclude Include="Core\VertexFormat.h">
      <Filter>Core</Filter>
    </ClInclude>
    <ClInclude Include="Core\Lights.h">
      <Filter>Core</Filter>
    </ClInclude>
    <ClInclude Include="Core\Texture.h">
      <Filter>Core</Filter>
    </ClInclude>
    <ClInclude Include="Core\ShaderEffects\LitTexturedMeshEffect.h">
      <Filter>Core\ShaderEffects</Filter>
    </ClInclude>
    <ClInclude Include="Core\ShaderEffects\BaseShaderEffect.h">
      <Filter>Core\ShaderEffects</Filter>
    </ClInclude>
    <ClInclude Include="Core\Networking\Address.h">
      <Filter>Core\Networking</Filter>
    </ClInclude>
    <ClInclude Include="Core\Networking\Connection.h">
      <Filter>Core\Networking</Filter>
    </ClInclude>
    <ClInclude Include="Core\Networking\FlowControl.h">
      <Filter>Core\Networking</Filter>
    </ClInclude>
    <ClInclude Include="Core\Networking\IConnection.h">
      <Filter>Core\Networking</Filter>
    </ClInclude>
    <ClInclude Include="Core\Networking\INetworkService.h">
      <Filter>Core\Networking</Filter>
    </ClInclude>
    <ClInclude Include="Core\Networking\ISocket.h">
      <Filter>Core\Networking</Filter>
    </ClInclude>
    <ClInclude Include="Core\Networking\NetworkServices.h">
      <Filter>Core\Networking</Filter>
    </ClInclude>
    <ClInclude Include="Core\Networking\NetworkServicesUnix.h">
      <Filter>Core\Networking</Filter>
    </ClInclude>
    <ClInclude Include="Core\Networking\NetworkServicesWindows.h">
      <Filter>Core\Networking</Filter>
    </ClInclude>
    <ClInclude Include="Core\Networking\PacketQueue.h">
      <Filter>Core\Networking</Filter>
    </ClInclude>
    <ClInclude Include="Core\Networking\PlatformDetection.h">
      <Filter>Core\Networking</Filter>
    </ClInclude>
    <ClInclude Include="Core\Networking\ReliabilitySystem.h">
      <Filter>Core\Networking</Filter>
    </ClInclude>
    <ClInclude Include="Core\Networking\ReliableConnection.h">
      <Filter>Core\Networking</Filter>
    </ClInclude>
    <ClInclude Include="Core\Networking\SharedNetworkConfiguration.h">
      <Filter>Core\Networking</Filter>
    </ClInclude>
    <ClInclude Include="Core\Networking\WinSocket.h">
      <Filter>Core\Networking</Filter>
    </ClInclude>
    <ClInclude Include="Scenes\ServerScene.h">
      <Filter>Scenes</Filter>
    </ClInclude>
    <ClInclude Include="Core\Components\Interfaces\IComponent.h">
      <Filter>Core</Filter>
    </ClInclude>
    <ClInclude Include="Scenes\ClientScene.h">
      <Filter>Scenes</Filter>
    </ClInclude>
    <ClInclude Include="Core\Networking\IConnectionEventHandler.h">
      <Filter>Core\Networking</Filter>
    </ClInclude>
    <ClInclude Include="Core\Components\Interfaces\INetworkViewComponent.h">
      <Filter>Core\Networking</Filter>
    </ClInclude>
    <ClInclude Include="Core\Networking\MessageStructures.h">
      <Filter>Core\Networking</Filter>
    </ClInclude>
    <ClInclude Include="Core\Networking\NetworkPlayer.h">
      <Filter>Core\Networking</Filter>
    </ClInclude>
    <ClInclude Include="Core\Components\NetworkViewComponent.h">
      <Filter>Core\Networking</Filter>
    </ClInclude>
    <ClInclude Include="Core\Networking\Packing.h">
      <Filter>Core\Networking</Filter>
    </ClInclude>
    <ClInclude Include="Core\utils.h">
      <Filter>Core\Networking</Filter>
    </ClInclude>
    <ClInclude Include="Core\IAssetManager.h">
      <Filter>Core\Managers</Filter>
    </ClInclude>
    <ClInclude Include="Core\AssetManager.h">
      <Filter>Core\Managers</Filter>
    </ClInclude>
    <ClInclude Include="Core\Networking\ClientNetworkManager.h">
      <Filter>Core\Networking</Filter>
    </ClInclude>
    <ClInclude Include="Core\Networking\IClientNetworkManager.h">
      <Filter>Core\Networking</Filter>
    </ClInclude>
    <ClInclude Include="Scenes\MultiplayerArena\ObjectPool.h">
      <Filter>Scenes\MultiplayerArena</Filter>
    </ClInclude>
    <ClInclude Include="Core\TickTimer.h">
      <Filter>Core</Filter>
    </ClInclude>
    <ClInclude Include="Physics\ParticleSystem\Particle.h">
      <Filter>Physics\ParticleSystem</Filter>
    </ClInclude>
    <ClInclude Include="Core\Components\Interfaces\IPhysicsComponent.h">
      <Filter>Core\Components\Interfaces</Filter>
    </ClInclude>
    <ClInclude Include="Core\Networking\IMultiConnection.h">
      <Filter>Core\Networking</Filter>
    </ClInclude>
    <ClInclude Include="Core\Networking\MultiConnection.h">
      <Filter>Core\Networking</Filter>
    </ClInclude>
    <ClInclude Include="Physics\PhysicsManager.h">
      <Filter>Physics</Filter>
    </ClInclude>
    <ClInclude Include="Physics\IPhysicsManager.h">
      <Filter>Physics</Filter>
    </ClInclude>
    <ClInclude Include="Core\Components\DirectionalMovementComponent.h">
      <Filter>Core\Components</Filter>
    </ClInclude>
    <ClInclude Include="Scenes\MultiplayerArena\IObjectPool.h">
      <Filter>Scenes\MultiplayerArena</Filter>
    </ClInclude>
    <ClInclude Include="Scenes\MultiplayerArena\PlayerGameObject.h">
      <Filter>Scenes\MultiplayerArena</Filter>
    </ClInclude>
    <ClInclude Include="Scenes\MultiplayerArena\GameOptions.h">
      <Filter>Scenes\MultiplayerArena</Filter>
    </ClInclude>
    <ClInclude Include="Scenes\MultiplayerArena\NetworkViews\PlayerNetworkViewComponent.h">
      <Filter>Scenes\MultiplayerArena</Filter>
    </ClInclude>
    <ClInclude Include="Core\Networking\ServerNetworkingManager.h">
      <Filter>Core\Networking</Filter>
    </ClInclude>
    <ClInclude Include="Physics\ParticleSystem\ParticleSystemComponent.h">
      <Filter>Physics\ParticleSystem</Filter>
    </ClInclude>
    <ClInclude Include="Core\ShaderEffects\ColouredMeshEffect.h">
      <Filter>Core\ShaderEffects</Filter>
    </ClInclude>
    <ClInclude Include="Core\Colours.h">
      <Filter>Core</Filter>
    </ClInclude>
    <ClInclude Include="Core\IcoSphereCreator.h">
      <Filter>Core</Filter>
    </ClInclude>
    <ClInclude Include="Scenes\Physics2DScene.h">
      <Filter>Scenes</Filter>
    </ClInclude>
    <ClInclude Include="Core\Icosphere.h">
      <Filter>Core</Filter>
    </ClInclude>
    <ClInclude Include="Core\Camera2D.h">
      <Filter>Core</Filter>
    </ClInclude>
    <ClInclude Include="Physics\CollisionDetection.h">
      <Filter>Physics</Filter>
    </ClInclude>
    <ClInclude Include="Core\Components\BoxColliderComponent.h">
      <Filter>Core\Components</Filter>
    </ClInclude>
    <ClInclude Include="Core\Components\SphereColliderComponent.h">
      <Filter>Core\Components</Filter>
    </ClInclude>
    <ClInclude Include="Physics\RigidBody2DComponent.h">
      <Filter>Physics</Filter>
    </ClInclude>
    <ClInclude Include="Core\Components\Interfaces\ICollider.h">
      <Filter>Core\Components\Interfaces</Filter>
    </ClInclude>
    <ClInclude Include="Physics\AABB.h">
      <Filter>Physics</Filter>
    </ClInclude>
    <ClInclude Include="Physics\BoundingPolygon.h">
      <Filter>Physics</Filter>
    </ClInclude>
    <ClInclude Include="Physics\BoundingSphere.h">
      <Filter>Physics</Filter>
    </ClInclude>
    <ClInclude Include="Physics\Manifold.h">
      <Filter>Physics</Filter>
    </ClInclude>
    <ClInclude Include="Physics\PhysicsMaterial.h">
      <Filter>Physics</Filter>
    </ClInclude>
    <ClInclude Include="Physics\PhysicsMaterials.h">
      <Filter>Physics</Filter>
    </ClInclude>
    <ClInclude Include="Core\Components\PolygonColliderComponent.h">
      <Filter>Physics</Filter>
    </ClInclude>
    <ClInclude Include="Scenes\RayTracerScene.h">
      <Filter>Scenes</Filter>
    </ClInclude>
    <ClInclude Include="Scenes\ClothScene.h">
      <Filter>Scenes</Filter>
    </ClInclude>
    <ClInclude Include="Physics\IManifold.h">
      <Filter>Physics</Filter>
    </ClInclude>
    <ClInclude Include="Physics\Cloth\Cloth.h">
      <Filter>Header Files</Filter>
    </ClInclude>
    <ClInclude Include="Physics\Cloth\ClothParticle.h">
      <Filter>Header Files</Filter>
    </ClInclude>
    <ClInclude Include="Physics\Cloth\ClothComponent.h">
      <Filter>Header Files</Filter>
    </ClInclude>
    <ClInclude Include="Physics\Cloth\ClothConstraint.h">
      <Filter>Header Files</Filter>
    </ClInclude>
    <ClInclude Include="Physics\Cloth\Cloth2.h">
      <Filter>Header Files</Filter>
    </ClInclude>
    <ClInclude Include="Physics\Cloth\ClothParticle2.h">
      <Filter>Header Files</Filter>
    </ClInclude>
  </ItemGroup>
  <ItemGroup>
    <None Include="Shaders\basicColor.frag">
      <Filter>Shaders</Filter>
    </None>
    <None Include="Shaders\basicColor.vert">
      <Filter>Shaders</Filter>
    </None>
    <None Include="Shaders\basicLighting.frag">
      <Filter>Shaders</Filter>
    </None>
    <None Include="Shaders\basicLighting.vert">
      <Filter>Shaders</Filter>
    </None>
  </ItemGroup>
</Project>